# This file is automatically @generated by Cargo.
# It is not intended for manual editing.
version = 4

[[package]]
name = "rivet-bmp"
version = "0.1.0"
dependencies = [
 "testkit",
]

[[package]]
name = "rivet-gif"
version = "0.1.0"
dependencies = [
 "testkit",
]

[[package]]
name = "rivet-tiff"
version = "0.1.0"
dependencies = [
 "testkit",
]

[[package]]
name = "testkit"
version = "0.1.0"
